// !$*UTF8*$!
{
	archiveVersion = 1;
	classes = {
	};
	objectVersion = 50;
	objects = {

/* Begin PBXBuildFile section */
		A1D3490D225D5C5100651024 /* LMTRequestKit.framework in Frameworks */ = {isa = PBXBuildFile; fileRef = A1D34903225D5C5100651024 /* LMTRequestKit.framework */; };
		A1D34912225D5C5100651024 /* LMTRequestKitTests.swift in Sources */ = {isa = PBXBuildFile; fileRef = A1D34911225D5C5100651024 /* LMTRequestKitTests.swift */; };
		A1D34914225D5C5100651024 /* LMTRequestKit.h in Headers */ = {isa = PBXBuildFile; fileRef = A1D34906225D5C5100651024 /* LMTRequestKit.h */; settings = {ATTRIBUTES = (Public, ); }; };
		A1D3491E225D5CD900651024 /* LMTRequestKit.swift in Sources */ = {isa = PBXBuildFile; fileRef = A1D3491D225D5CD900651024 /* LMTRequestKit.swift */; };
/* End PBXBuildFile section */

/* Begin PBXContainerItemProxy section */
		A1D3490E225D5C5100651024 /* PBXContainerItemProxy */ = {
			isa = PBXContainerItemProxy;
			containerPortal = A1D348FA225D5C5100651024 /* Project object */;
			proxyType = 1;
			remoteGlobalIDString = A1D34902225D5C5100651024;
			remoteInfo = LMTRequestKit;
		};
/* End PBXContainerItemProxy section */

/* Begin PBXFileReference section */
		A1D34903225D5C5100651024 /* LMTRequestKit.framework */ = {isa = PBXFileReference; explicitFileType = wrapper.framework; includeInIndex = 0; path = LMTRequestKit.framework; sourceTree = BUILT_PRODUCTS_DIR; };
		A1D34906225D5C5100651024 /* LMTRequestKit.h */ = {isa = PBXFileReference; lastKnownFileType = sourcecode.c.h; path = LMTRequestKit.h; sourceTree = "<group>"; };
		A1D34907225D5C5100651024 /* Info.plist */ = {isa = PBXFileReference; lastKnownFileType = text.plist.xml; path = Info.plist; sourceTree = "<group>"; };
		A1D3490C225D5C5100651024 /* LMTRequestKitTests.xctest */ = {isa = PBXFileReference; explicitFileType = wrapper.cfbundle; includeInIndex = 0; path = LMTRequestKitTests.xctest; sourceTree = BUILT_PRODUCTS_DIR; };
		A1D34911225D5C5100651024 /* LMTRequestKitTests.swift */ = {isa = PBXFileReference; lastKnownFileType = sourcecode.swift; path = LMTRequestKitTests.swift; sourceTree = "<group>"; };
		A1D34913225D5C5100651024 /* Info.plist */ = {isa = PBXFileReference; lastKnownFileType = text.plist.xml; path = Info.plist; sourceTree = "<group>"; };
		A1D3491D225D5CD900651024 /* LMTRequestKit.swift */ = {isa = PBXFileReference; lastKnownFileType = sourcecode.swift; path = LMTRequestKit.swift; sourceTree = "<group>"; };
/* End PBXFileReference section */

/* Begin PBXFrameworksBuildPhase section */
		A1D34900225D5C5100651024 /* Frameworks */ = {
			isa = PBXFrameworksBuildPhase;
			buildActionMask = 2147483647;
			files = (
			);
			runOnlyForDeploymentPostprocessing = 0;
		};
		A1D34909225D5C5100651024 /* Frameworks */ = {
			isa = PBXFrameworksBuildPhase;
			buildActionMask = 2147483647;
			files = (
				A1D3490D225D5C5100651024 /* LMTRequestKit.framework in Frameworks */,
			);
			runOnlyForDeploymentPostprocessing = 0;
		};
/* End PBXFrameworksBuildPhase section */

/* Begin PBXGroup section */
		A1D348F9225D5C5100651024 = {
			isa = PBXGroup;
			children = (
				A1D34905225D5C5100651024 /* LMTRequestKit */,
				A1D34910225D5C5100651024 /* LMTRequestKitTests */,
				A1D34904225D5C5100651024 /* Products */,
			);
			sourceTree = "<group>";
		};
		A1D34904225D5C5100651024 /* Products */ = {
			isa = PBXGroup;
			children = (
				A1D34903225D5C5100651024 /* LMTRequestKit.framework */,
				A1D3490C225D5C5100651024 /* LMTRequestKitTests.xctest */,
			);
			name = Products;
			sourceTree = "<group>";
		};
		A1D34905225D5C5100651024 /* LMTRequestKit */ = {
			isa = PBXGroup;
			children = (
				A1D3491D225D5CD900651024 /* LMTRequestKit.swift */,
				A1D34906225D5C5100651024 /* LMTRequestKit.h */,
				A1D34907225D5C5100651024 /* Info.plist */,
			);
			path = LMTRequestKit;
			sourceTree = "<group>";
		};
		A1D34910225D5C5100651024 /* LMTRequestKitTests */ = {
			isa = PBXGroup;
			children = (
				A1D34911225D5C5100651024 /* LMTRequestKitTests.swift */,
				A1D34913225D5C5100651024 /* Info.plist */,
			);
			path = LMTRequestKitTests;
			sourceTree = "<group>";
		};
/* End PBXGroup section */

/* Begin PBXHeadersBuildPhase section */
		A1D348FE225D5C5100651024 /* Headers */ = {
			isa = PBXHeadersBuildPhase;
			buildActionMask = 2147483647;
			files = (
				A1D34914225D5C5100651024 /* LMTRequestKit.h in Headers */,
			);
			runOnlyForDeploymentPostprocessing = 0;
		};
/* End PBXHeadersBuildPhase section */

/* Begin PBXNativeTarget section */
		A1D34902225D5C5100651024 /* LMTRequestKit */ = {
			isa = PBXNativeTarget;
			buildConfigurationList = A1D34917225D5C5100651024 /* Build configuration list for PBXNativeTarget "LMTRequestKit" */;
			buildPhases = (
				A1D348FE225D5C5100651024 /* Headers */,
				A1D348FF225D5C5100651024 /* Sources */,
				A1D34900225D5C5100651024 /* Frameworks */,
				A1D34901225D5C5100651024 /* Resources */,
			);
			buildRules = (
			);
			dependencies = (
			);
			name = LMTRequestKit;
			productName = LMTRequestKit;
			productReference = A1D34903225D5C5100651024 /* LMTRequestKit.framework */;
			productType = "com.apple.product-type.framework";
		};
		A1D3490B225D5C5100651024 /* LMTRequestKitTests */ = {
			isa = PBXNativeTarget;
			buildConfigurationList = A1D3491A225D5C5100651024 /* Build configuration list for PBXNativeTarget "LMTRequestKitTests" */;
			buildPhases = (
				A1D34908225D5C5100651024 /* Sources */,
				A1D34909225D5C5100651024 /* Frameworks */,
				A1D3490A225D5C5100651024 /* Resources */,
			);
			buildRules = (
			);
			dependencies = (
				A1D3490F225D5C5100651024 /* PBXTargetDependency */,
			);
			name = LMTRequestKitTests;
			productName = LMTRequestKitTests;
			productReference = A1D3490C225D5C5100651024 /* LMTRequestKitTests.xctest */;
			productType = "com.apple.product-type.bundle.unit-test";
		};
/* End PBXNativeTarget section */

/* Begin PBXProject section */
		A1D348FA225D5C5100651024 /* Project object */ = {
			isa = PBXProject;
			attributes = {
				LastSwiftUpdateCheck = 1010;
				LastUpgradeCheck = 1010;
				ORGANIZATIONNAME = "Limitless Studios";
				TargetAttributes = {
					A1D34902225D5C5100651024 = {
						CreatedOnToolsVersion = 10.1;
						LastSwiftMigration = 1010;
					};
					A1D3490B225D5C5100651024 = {
						CreatedOnToolsVersion = 10.1;
					};
				};
			};
			buildConfigurationList = A1D348FD225D5C5100651024 /* Build configuration list for PBXProject "LMTRequestKit" */;
			compatibilityVersion = "Xcode 9.3";
			developmentRegion = en;
			hasScannedForEncodings = 0;
			knownRegions = (
				en,
			);
			mainGroup = A1D348F9225D5C5100651024;
			productRefGroup = A1D34904225D5C5100651024 /* Products */;
			projectDirPath = "";
			projectRoot = "";
			targets = (
				A1D34902225D5C5100651024 /* LMTRequestKit */,
				A1D3490B225D5C5100651024 /* LMTRequestKitTests */,
			);
		};
/* End PBXProject section */

/* Begin PBXResourcesBuildPhase section */
		A1D34901225D5C5100651024 /* Resources */ = {
			isa = PBXResourcesBuildPhase;
			buildActionMask = 2147483647;
			files = (
			);
			runOnlyForDeploymentPostprocessing = 0;
		};
		A1D3490A225D5C5100651024 /* Resources */ = {
			isa = PBXResourcesBuildPhase;
			buildActionMask = 2147483647;
			files = (
			);
			runOnlyForDeploymentPostprocessing = 0;
		};
/* End PBXResourcesBuildPhase section */

/* Begin PBXSourcesBuildPhase section */
		A1D348FF225D5C5100651024 /* Sources */ = {
			isa = PBXSourcesBuildPhase;
			buildActionMask = 2147483647;
			files = (
				A1D3491E225D5CD900651024 /* LMTRequestKit.swift in Sources */,
			);
			runOnlyForDeploymentPostprocessing = 0;
		};
		A1D34908225D5C5100651024 /* Sources */ = {
			isa = PBXSourcesBuildPhase;
			buildActionMask = 2147483647;
			files = (
				A1D34912225D5C5100651024 /* LMTRequestKitTests.swift in Sources */,
			);
			runOnlyForDeploymentPostprocessing = 0;
		};
/* End PBXSourcesBuildPhase section */

/* Begin PBXTargetDependency section */
		A1D3490F225D5C5100651024 /* PBXTargetDependency */ = {
			isa = PBXTargetDependency;
			target = A1D34902225D5C5100651024 /* LMTRequestKit */;
			targetProxy = A1D3490E225D5C5100651024 /* PBXContainerItemProxy */;
		};
/* End PBXTargetDependency section */

/* Begin XCBuildConfiguration section */
		A1D34915225D5C5100651024 /* Debug */ = {
			isa = XCBuildConfiguration;
			buildSettings = {
				ALWAYS_SEARCH_USER_PATHS = NO;
				CLANG_ANALYZER_NONNULL = YES;
				CLANG_ANALYZER_NUMBER_OBJECT_CONVERSION = YES_AGGRESSIVE;
				CLANG_CXX_LANGUAGE_STANDARD = "gnu++14";
				CLANG_CXX_LIBRARY = "libc++";
				CLANG_ENABLE_MODULES = YES;
				CLANG_ENABLE_OBJC_ARC = YES;
				CLANG_ENABLE_OBJC_WEAK = YES;
				CLANG_WARN_BLOCK_CAPTURE_AUTORELEASING = YES;
				CLANG_WARN_BOOL_CONVERSION = YES;
				CLANG_WARN_COMMA = YES;
				CLANG_WARN_CONSTANT_CONVERSION = YES;
				CLANG_WARN_DEPRECATED_OBJC_IMPLEMENTATIONS = YES;
				CLANG_WARN_DIRECT_OBJC_ISA_USAGE = YES_ERROR;
				CLANG_WARN_DOCUMENTATION_COMMENTS = YES;
				CLANG_WARN_EMPTY_BODY = YES;
				CLANG_WARN_ENUM_CONVERSION = YES;
				CLANG_WARN_INFINITE_RECURSION = YES;
				CLANG_WARN_INT_CONVERSION = YES;
				CLANG_WARN_NON_LITERAL_NULL_CONVERSION = YES;
				CLANG_WARN_OBJC_IMPLICIT_RETAIN_SELF = YES;
				CLANG_WARN_OBJC_LITERAL_CONVERSION = YES;
				CLANG_WARN_OBJC_ROOT_CLASS = YES_ERROR;
				CLANG_WARN_RANGE_LOOP_ANALYSIS = YES;
				CLANG_WARN_STRICT_PROTOTYPES = YES;
				CLANG_WARN_SUSPICIOUS_MOVE = YES;
				CLANG_WARN_UNGUARDED_AVAILABILITY = YES_AGGRESSIVE;
				CLANG_WARN_UNREACHABLE_CODE = YES;
				CLANG_WARN__DUPLICATE_METHOD_MATCH = YES;
				CODE_SIGN_IDENTITY = "iPhone Developer";
				COPY_PHASE_STRIP = NO;
				CURRENT_PROJECT_VERSION = 1;
				DEBUG_INFORMATION_FORMAT = dwarf;
				ENABLE_STRICT_OBJC_MSGSEND = YES;
				ENABLE_TESTABILITY = YES;
				GCC_C_LANGUAGE_STANDARD = gnu11;
				GCC_DYNAMIC_NO_PIC = NO;
				GCC_NO_COMMON_BLOCKS = YES;
				GCC_OPTIMIZATION_LEVEL = 0;
				GCC_PREPROCESSOR_DEFINITIONS = (
					"DEBUG=1",
					"$(inherited)",
				);
				GCC_WARN_64_TO_32_BIT_CONVERSION = YES;
				GCC_WARN_ABOUT_RETURN_TYPE = YES_ERROR;
				GCC_WARN_UNDECLARED_SELECTOR = YES;
				GCC_WARN_UNINITIALIZED_AUTOS = YES_AGGRESSIVE;
				GCC_WARN_UNUSED_FUNCTION = YES;
				GCC_WARN_UNUSED_VARIABLE = YES;
				IPHONEOS_DEPLOYMENT_TARGET = 12.1;
				MTL_ENABLE_DEBUG_INFO = INCLUDE_SOURCE;
				MTL_FAST_MATH = YES;
				ONLY_ACTIVE_ARCH = YES;
				SDKROOT = iphoneos;
				SWIFT_ACTIVE_COMPILATION_CONDITIONS = DEBUG;
				SWIFT_OPTIMIZATION_LEVEL = "-Onone";
				VERSIONING_SYSTEM = "apple-generic";
				VERSION_INFO_PREFIX = "";
			};
			name = Debug;
		};
		A1D34916225D5C5100651024 /* Release */ = {
			isa = XCBuildConfiguration;
			buildSettings = {
				ALWAYS_SEARCH_USER_PATHS = NO;
				CLANG_ANALYZER_NONNULL = YES;
				CLANG_ANALYZER_NUMBER_OBJECT_CONVERSION = YES_AGGRESSIVE;
				CLANG_CXX_LANGUAGE_STANDARD = "gnu++14";
				CLANG_CXX_LIBRARY = "libc++";
				CLANG_ENABLE_MODULES = YES;
				CLANG_ENABLE_OBJC_ARC = YES;
				CLANG_ENABLE_OBJC_WEAK = YES;
				CLANG_WARN_BLOCK_CAPTURE_AUTORELEASING = YES;
				CLANG_WARN_BOOL_CONVERSION = YES;
				CLANG_WARN_COMMA = YES;
				CLANG_WARN_CONSTANT_CONVERSION = YES;
				CLANG_WARN_DEPRECATED_OBJC_IMPLEMENTATIONS = YES;
				CLANG_WARN_DIRECT_OBJC_ISA_USAGE = YES_ERROR;
				CLANG_WARN_DOCUMENTATION_COMMENTS = YES;
				CLANG_WARN_EMPTY_BODY = YES;
				CLANG_WARN_ENUM_CONVERSION = YES;
				CLANG_WARN_INFINITE_RECURSION = YES;
				CLANG_WARN_INT_CONVERSION = YES;
				CLANG_WARN_NON_LITERAL_NULL_CONVERSION = YES;
				CLANG_WARN_OBJC_IMPLICIT_RETAIN_SELF = YES;
				CLANG_WARN_OBJC_LITERAL_CONVERSION = YES;
				CLANG_WARN_OBJC_ROOT_CLASS = YES_ERROR;
				CLANG_WARN_RANGE_LOOP_ANALYSIS = YES;
				CLANG_WARN_STRICT_PROTOTYPES = YES;
				CLANG_WARN_SUSPICIOUS_MOVE = YES;
				CLANG_WARN_UNGUARDED_AVAILABILITY = YES_AGGRESSIVE;
				CLANG_WARN_UNREACHABLE_CODE = YES;
				CLANG_WARN__DUPLICATE_METHOD_MATCH = YES;
				CODE_SIGN_IDENTITY = "iPhone Developer";
				COPY_PHASE_STRIP = NO;
				CURRENT_PROJECT_VERSION = 1;
				DEBUG_INFORMATION_FORMAT = "dwarf-with-dsym";
				ENABLE_NS_ASSERTIONS = NO;
				ENABLE_STRICT_OBJC_MSGSEND = YES;
				GCC_C_LANGUAGE_STANDARD = gnu11;
				GCC_NO_COMMON_BLOCKS = YES;
				GCC_WARN_64_TO_32_BIT_CONVERSION = YES;
				GCC_WARN_ABOUT_RETURN_TYPE = YES_ERROR;
				GCC_WARN_UNDECLARED_SELECTOR = YES;
				GCC_WARN_UNINITIALIZED_AUTOS = YES_AGGRESSIVE;
				GCC_WARN_UNUSED_FUNCTION = YES;
				GCC_WARN_UNUSED_VARIABLE = YES;
				IPHONEOS_DEPLOYMENT_TARGET = 12.1;
				MTL_ENABLE_DEBUG_INFO = NO;
				MTL_FAST_MATH = YES;
				SDKROOT = iphoneos;
				SWIFT_COMPILATION_MODE = wholemodule;
				SWIFT_OPTIMIZATION_LEVEL = "-O";
				VALIDATE_PRODUCT = YES;
				VERSIONING_SYSTEM = "apple-generic";
				VERSION_INFO_PREFIX = "";
			};
			name = Release;
		};
		A1D34918225D5C5100651024 /* Debug */ = {
			isa = XCBuildConfiguration;
			buildSettings = {
				CLANG_ENABLE_MODULES = YES;
				CODE_SIGN_IDENTITY = "iPhone Developer";
				CODE_SIGN_STYLE = Automatic;
				DEFINES_MODULE = YES;
				DEVELOPMENT_TEAM = RGKZPK5HSU;
				DYLIB_COMPATIBILITY_VERSION = 1;
				DYLIB_CURRENT_VERSION = 1;
				DYLIB_INSTALL_NAME_BASE = "@rpath";
				INFOPLIST_FILE = LMTRequestKit/Info.plist;
				INSTALL_PATH = "$(LOCAL_LIBRARY_DIR)/Frameworks";
				LD_RUNPATH_SEARCH_PATHS = (
					"$(inherited)",
					"@executable_path/Frameworks",
					"@loader_path/Frameworks",
				);
				PRODUCT_BUNDLE_IDENTIFIER = LimitlessStudios.LMTRequestKit;
				PRODUCT_NAME = "$(TARGET_NAME:c99extidentifier)";
				PROVISIONING_PROFILE_SPECIFIER = "";
				SKIP_INSTALL = YES;
				SWIFT_OPTIMIZATION_LEVEL = "-Onone";
				SWIFT_VERSION = 4.2;
				TARGETED_DEVICE_FAMILY = "1,2";
			};
			name = Debug;
		};
		A1D34919225D5C5100651024 /* Release */ = {
			isa = XCBuildConfiguration;
			buildSettings = {
				CLANG_ENABLE_MODULES = YES;
				CODE_SIGN_IDENTITY = "iPhone Developer";
				CODE_SIGN_STYLE = Automatic;
				DEFINES_MODULE = YES;
				DEVELOPMENT_TEAM = RGKZPK5HSU;
				DYLIB_COMPATIBILITY_VERSION = 1;
				DYLIB_CURRENT_VERSION = 1;
				DYLIB_INSTALL_NAME_BASE = "@rpath";
				INFOPLIST_FILE = LMTRequestKit/Info.plist;
				INSTALL_PATH = "$(LOCAL_LIBRARY_DIR)/Frameworks";
				LD_RUNPATH_SEARCH_PATHS = (
					"$(inherited)",
					"@executable_path/Frameworks",
					"@loader_path/Frameworks",
				);
				PRODUCT_BUNDLE_IDENTIFIER = LimitlessStudios.LMTRequestKit;
				PRODUCT_NAME = "$(TARGET_NAME:c99extidentifier)";
				PROVISIONING_PROFILE_SPECIFIER = "";
				SKIP_INSTALL = YES;
				SWIFT_VERSION = 4.2;
				TARGETED_DEVICE_FAMILY = "1,2";
			};
			name = Release;
		};
		A1D3491B225D5C5100651024 /* Debug */ = {
			isa = XCBuildConfiguration;
			buildSettings = {
				ALWAYS_EMBED_SWIFT_STANDARD_LIBRARIES = YES;
				CODE_SIGN_STYLE = Automatic;
				DEVELOPMENT_TEAM = RGKZPK5HSU;
				INFOPLIST_FILE = LMTRequestKitTests/Info.plist;
				LD_RUNPATH_SEARCH_PATHS = (
					"$(inherited)",
					"@executable_path/Frameworks",
					"@loader_path/Frameworks",
				);
				PRODUCT_BUNDLE_IDENTIFIER = LimitlessStudios.LMTRequestKitTests;
				PRODUCT_NAME = "$(TARGET_NAME)";
				SWIFT_VERSION = 4.2;
				TARGETED_DEVICE_FAMILY = "1,2";
			};
			name = Debug;
		};
		A1D3491C225D5C5100651024 /* Release */ = {
			isa = XCBuildConfiguration;
			buildSettings = {
				ALWAYS_EMBED_SWIFT_STANDARD_LIBRARIES = YES;
				CODE_SIGN_STYLE = Automatic;
				DEVELOPMENT_TEAM = RGKZPK5HSU;
				INFOPLIST_FILE = LMTRequestKitTests/Info.plist;
				LD_RUNPATH_SEARCH_PATHS = (
					"$(inherited)",
					"@executable_path/Frameworks",
					"@loader_path/Frameworks",
				);
				PRODUCT_BUNDLE_IDENTIFIER = LimitlessStudios.LMTRequestKitTests;
				PRODUCT_NAME = "$(TARGET_NAME)";
				SWIFT_VERSION = 4.2;
				TARGETED_DEVICE_FAMILY = "1,2";
			};
			name = Release;
		};
/* End XCBuildConfiguration section */

/* Begin XCConfigurationList section */
		A1D348FD225D5C5100651024 /* Build configuration list for PBXProject "LMTRequestKit" */ = {
			isa = XCConfigurationList;
			buildConfigurations = (
				A1D34915225D5C5100651024 /* Debug */,
				A1D34916225D5C5100651024 /* Release */,
			);
			defaultConfigurationIsVisible = 0;
			defaultConfigurationName = Release;
		};
		A1D34917225D5C5100651024 /* Build configuration list for PBXNativeTarget "LMTRequestKit" */ = {
			isa = XCConfigurationList;
			buildConfigurations = (
				A1D34918225D5C5100651024 /* Debug */,
				A1D34919225D5C5100651024 /* Release */,
			);
			defaultConfigurationIsVisible = 0;
			defaultConfigurationName = Release;
		};
		A1D3491A225D5C5100651024 /* Build configuration list for PBXNativeTarget "LMTRequestKitTests" */ = {
			isa = XCConfigurationList;
			buildConfigurations = (
				A1D3491B225D5C5100651024 /* Debug */,
				A1D3491C225D5C5100651024 /* Release */,
			);
			defaultConfigurationIsVisible = 0;
			defaultConfigurationName = Release;
		};
/* End XCConfigurationList section */
	};
	rootObject = A1D348FA225D5C5100651024 /* Project object */;
}
